{
  "name": "babylonjs-gamebase",
  "version": "0.0.1",
  "lockfileVersion": 1,
  "requires": true,
  "dependencies": {
    "@babylonjs/core": {
      "version": "4.0.3",
      "resolved": "https://registry.npmjs.org/@babylonjs/core/-/core-4.0.3.tgz",
      "integrity": "sha512-M9UYwAwXLIBq+WzNdmYD3TjgHJ+Vb85/pjqt9vN6SqmkwfpmMibfKr3bXkNgodZrVS+UUjvf8A/aWI3cJH0MNg==",
      "requires": {
        "tslib": "^1.9.3"
      }
    },
    "@babylonjs/gui": {
      "version": "4.0.3",
      "resolved": "https://registry.npmjs.org/@babylonjs/gui/-/gui-4.0.3.tgz",
      "integrity": "sha512-cjjA8yjMZ94Dr1yTNFyLSTkFGUjknNVG3XnFCYVezrh4IxVG4mDtlCOrXRzgF5jBVgk3ErXiVrno5xhb+axC7g==",
      "requires": {
        "@babylonjs/core": "4.0.3",
        "tslib": "^1.9.3"
      }
    },
    "@babylonjs/loaders": {
      "version": "4.0.3",
      "resolved": "https://registry.npmjs.org/@babylonjs/loaders/-/loaders-4.0.3.tgz",
      "integrity": "sha512-yjXqWFk9EHY2WbGbLQKB1bFSIrCuBsEX2Fw52A1SOIxL3TlRkICSKRvTGUJP8lvEGds/OikUD51VwZs2zX6SAw==",
      "requires": {
        "@babylonjs/core": "4.0.3",
        "babylonjs-gltf2interface": "4.0.3",
        "tslib": "^1.9.3"
      }
    },
    "@babylonjs/procedural-textures": {
      "version": "4.0.3",
      "resolved": "https://registry.npmjs.org/@babylonjs/procedural-textures/-/procedural-textures-4.0.3.tgz",
      "integrity": "sha512-W4+J1XskrVzHYBERy6mB3x/nxC5yhOWfaKCJ57DcUDVefRbffnIl+DNsyrXJ9uxAGG9TXo0U8/kUDGtm/uEb8g==",
      "requires": {
        "@babylonjs/core": "4.0.3",
        "tslib": "^1.9.3"
      }
    },
    "babylonjs-gltf2interface": {
      "version": "4.0.3",
      "resolved": "https://registry.npmjs.org/babylonjs-gltf2interface/-/babylonjs-gltf2interface-4.0.3.tgz",
      "integrity": "sha512-ys8cEhlkYmBCJ3F/aBemVNKPkaV5fPghR4wgQfvUTNCF9pFlwYZpJ1KXEPj4+z6OohXN14AQMcaiafL+bmVLlg=="
    },
    "rot-js": {
      "version": "2.1.1",
      "resolved": "https://registry.npmjs.org/rot-js/-/rot-js-2.1.1.tgz",
      "integrity": "sha512-CtqgIm/gM2Rfo2yi4AktYcVWD0VU2UxmJsV9F+aI0LBI6Y4jhsX/SlLEDdmVqY3YmMUw8jWKONYfPb/jOfS3rQ=="
    },
    "tslib": {
      "version": "1.10.0",
      "resolved": "https://registry.npmjs.org/tslib/-/tslib-1.10.0.tgz",
      "integrity": "sha512-qOebF53frne81cf0S9B41ByenJ3/IuH8yJKngAX35CmiZySA0khhkovshKK+jGCaMnVomla7gVlIcc3EvKPbTQ=="
    }
  }
}
